
Microsoft Visual Studio Solution File, Format Version 12.00
# Visual Studio 15
VisualStudioVersion = 15.0.28307.136
MinimumVisualStudioVersion = 10.0.40219.1
Project("{FAE04EC0-301F-11D3-BF4B-00C04F79EFBC}") = "09-Hyderlinks In MVC", "09-Hyderlinks In MVC\09-Hyderlinks In MVC.csproj", "{6AA73E68-0282-45D7-8256-DC75E8DB4000}"
EndProject
Global
	GlobalSection(SolutionConfigurationPlatforms) = preSolution
		Debug|Any CPU = Debug|Any CPU
		Release|Any CPU = Release|Any CPU
	EndGlobalSection
	GlobalSection(ProjectConfigurationPlatforms) = postSolution
		{6AA73E68-0282-45D7-8256-DC75E8DB4000}.Debug|Any CPU.ActiveCfg = Debug|Any CPU
		{6AA73E68-0282-45D7-8256-DC75E8DB4000}.Debug|Any CPU.Build.0 = Debug|Any CPU
		{6AA73E68-0282-45D7-8256-DC75E8DB4000}.Release|Any CPU.ActiveCfg = Release|Any CPU
		{6AA73E68-0282-45D7-8256-DC75E8DB4000}.Release|Any CPU.Build.0 = Release|Any CPU
	EndGlobalSection
	GlobalSection(SolutionProperties) = preSolution
		HideSolutionNode = FALSE
	EndGlobalSection
	GlobalSection(ExtensibilityGlobals) = postSolution
		SolutionGuid = {AA753306-3A57-4C4B-83BE-F0EC7FA11B33}
	EndGlobalSection
EndGlobal
